
Microsoft Visual Studio Solution File, Format Version 12.00
# Visual Studio Version 16
VisualStudioVersion = 16.0.34601.136
MinimumVisualStudioVersion = 10.0.40219.1
Project("{F184B08F-C81C-45F6-A57F-5ABD9991F28F}") = "ComparadorPlanillasVB", "ComparadorPlanillasVB.vbproj", "{30274E25-AB08-41F2-B423-74738BCD2F76}"
EndProject
Project("{54435603-DBB4-11D2-8724-00A0C9A8B90C}") = "ValidadorSetup", "..\ValidadorSetup\ValidadorSetup.vdproj", "{BAA0DEF5-D2E4-44B6-A0BA-98A5117054F4}"
EndProject
Global
	GlobalSection(SolutionConfigurationPlatforms) = preSolution
		Debug|Any CPU = Debug|Any CPU
		Release|Any CPU = Release|Any CPU
	EndGlobalSection
	GlobalSection(ProjectConfigurationPlatforms) = postSolution
		{30274E25-AB08-41F2-B423-74738BCD2F76}.Debug|Any CPU.ActiveCfg = Debug|Any CPU
		{30274E25-AB08-41F2-B423-74738BCD2F76}.Debug|Any CPU.Build.0 = Debug|Any CPU
		{30274E25-AB08-41F2-B423-74738BCD2F76}.Release|Any CPU.ActiveCfg = Release|Any CPU
		{30274E25-AB08-41F2-B423-74738BCD2F76}.Release|Any CPU.Build.0 = Release|Any CPU
		{BAA0DEF5-D2E4-44B6-A0BA-98A5117054F4}.Debug|Any CPU.ActiveCfg = Debug
		{BAA0DEF5-D2E4-44B6-A0BA-98A5117054F4}.Release|Any CPU.ActiveCfg = Release
	EndGlobalSection
	GlobalSection(SolutionProperties) = preSolution
		HideSolutionNode = FALSE
	EndGlobalSection
	GlobalSection(ExtensibilityGlobals) = postSolution
		SolutionGuid = {D3C53B52-A500-4408-A370-C7DFD03D3F47}
	EndGlobalSection
EndGlobal
